// !$*UTF8*$!
{
	archiveVersion = 1;
	classes = {
	};
	objectVersion = 77;
	objects = {

/* Begin PBXBuildFile section */
		2352DB8B3023327400130124 /* Lottie in Frameworks */ = {isa = PBXBuildFile; productRef = AAC0DE00000000000000C002 /* Lottie */; };
		AAC0DE00000000000000A003 /* VelaCore in Frameworks */ = {isa = PBXBuildFile; productRef = AAC0DE00000000000000A002 /* VelaCore */; };
/* End PBXBuildFile section */

/* Begin PBXContainerItemProxy section */
		23ED5E483019A42500EA9C55 /* PBXContainerItemProxy */ = {
			isa = PBXContainerItemProxy;
			containerPortal = 23ED5E2E3019A42200EA9C55 /* Project object */;
			proxyType = 1;
			remoteGlobalIDString = 23ED5E353019A42200EA9C55;
			remoteInfo = VelaWallet;
		};
		23ED5E523019A42500EA9C55 /* PBXContainerItemProxy */ = {
			isa = PBXContainerItemProxy;
			containerPortal = 23ED5E2E3019A42200EA9C55 /* Project object */;
			proxyType = 1;
			remoteGlobalIDString = 23ED5E353019A42200EA9C55;
			remoteInfo = VelaWallet;
		};
/* End PBXContainerItemProxy section */

/* Begin PBXFileReference section */
		23ED5E363019A42200EA9C55 /* VelaWallet.app */ = {isa = PBXFileReference; explicitFileType = wrapper.application; includeInIndex = 0; path = VelaWallet.app; sourceTree = BUILT_PRODUCTS_DIR; };
		23ED5E473019A42500EA9C55 /* VelaWalletTests.xctest */ = {isa = PBXFileReference; explicitFileType = wrapper.cfbundle; includeInIndex = 0; path = VelaWalletTests.xctest; sourceTree = BUILT_PRODUCTS_DIR; };
		23ED5E513019A42500EA9C55 /* VelaWalletUITests.xctest */ = {isa = PBXFileReference; explicitFileType = wrapper.cfbundle; includeInIndex = 0; path = VelaWalletUITests.xctest; sourceTree = BUILT_PRODUCTS_DIR; };
/* End PBXFileReference section */

/* Begin PBXFileSystemSynchronizedBuildFileExceptionSet section */
		23ED5E593019A42500EA9C55 /* Exceptions for "VelaWallet" folder in "VelaWallet" target */ = {
			isa = PBXFileSystemSynchronizedBuildFileExceptionSet;
			membershipExceptions = (
				Info.plist,
			);
			target = 23ED5E353019A42200EA9C55 /* VelaWallet */;
		};
/* End PBXFileSystemSynchronizedBuildFileExceptionSet section */

/* Begin PBXFileSystemSynchronizedRootGroup section */
		23ED5E383019A42200EA9C55 /* VelaWallet */ = {
			isa = PBXFileSystemSynchronizedRootGroup;
			exceptions = (
				23ED5E593019A42500EA9C55 /* Exceptions for "VelaWallet" folder in "VelaWallet" target */,
			);
			path = VelaWallet;
			sourceTree = "<group>";
		};
		23ED5E4A3019A42500EA9C55 /* VelaWalletTests */ = {
			isa = PBXFileSystemSynchronizedRootGroup;
			path = VelaWalletTests;
			sourceTree = "<group>";
		};
		23ED5E543019A42500EA9C55 /* VelaWalletUITests */ = {
			isa = PBXFileSystemSynchronizedRootGroup;
			path = VelaWalletUITests;
			sourceTree = "<group>";
		};
/* End PBXFileSystemSynchronizedRootGroup section */

/* Begin PBXFrameworksBuildPhase section */
		23ED5E333019A42200EA9C55 /* Frameworks */ = {
			isa = PBXFrameworksBuildPhase;
			buildActionMask = 2147483647;
			files = (
				2352DB8B3023327400130124 /* Lottie in Frameworks */,
				AAC0DE00000000000000A003 /* VelaCore in Frameworks */,
			);
			runOnlyForDeploymentPostprocessing = 0;
		};
		23ED5E443019A42500EA9C55 /* Frameworks */ = {
			isa = PBXFrameworksBuildPhase;
			buildActionMask = 2147483647;
			files = (
			);
			runOnlyForDeploymentPostprocessing = 0;
		};
		23ED5E4E3019A42500EA9C55 /* Frameworks */ = {
			isa = PBXFrameworksBuildPhase;
			buildActionMask = 2147483647;
			files = (
			);
			runOnlyForDeploymentPostprocessing = 0;
		};
/* End PBXFrameworksBuildPhase section */

/* Begin PBXGroup section */
		23ED5E2D3019A42200EA9C55 = {
			isa = PBXGroup;
			children = (
				23ED5E383019A42200EA9C55 /* VelaWallet */,
				23ED5E4A3019A42500EA9C55 /* VelaWalletTests */,
				23ED5E543019A42500EA9C55 /* VelaWalletUITests */,
				23ED5E373019A42200EA9C55 /* Products */,
			);
			sourceTree = "<group>";
		};
		23ED5E373019A42200EA9C55 /* Products */ = {
			isa = PBXGroup;
			children = (
				23ED5E363019A42200EA9C55 /* VelaWallet.app */,
				23ED5E473019A42500EA9C55 /* VelaWalletTests.xctest */,
				23ED5E513019A42500EA9C55 /* VelaWalletUITests.xctest */,
			);
			name = Products;
			sourceTree = "<group>";
		};
/* End PBXGroup section */

/* Begin PBXNativeTarget section */
		23ED5E353019A42200EA9C55 /* VelaWallet */ = {
			isa = PBXNativeTarget;
			buildConfigurationList = 23ED5E5A3019A42500EA9C55 /* Build configuration list for PBXNativeTarget "VelaWallet" */;
			buildPhases = (
				23ED5E323019A42200EA9C55 /* Sources */,
				23ED5E333019A42200EA9C55 /* Frameworks */,
				23ED5E343019A42200EA9C55 /* Resources */,
				AAC0DE00000000000000B001 /* Bundle locale catalogs */,
				AAC0DE00000000000000C003 /* Bundle launch animations */,
			);
			buildRules = (
			);
			dependencies = (
			);
			fileSystemSynchronizedGroups = (
				23ED5E383019A42200EA9C55 /* VelaWallet */,
			);
			name = VelaWallet;
			packageProductDependencies = (
				AAC0DE00000000000000A002 /* VelaCore */,
				AAC0DE00000000000000C002 /* Lottie */,
			);
			productName = VelaWallet;
			productReference = 23ED5E363019A42200EA9C55 /* VelaWallet.app */;
			productType = "com.apple.product-type.application";
		};
		23ED5E463019A42500EA9C55 /* VelaWalletTests */ = {
			isa = PBXNativeTarget;
			buildConfigurationList = 23ED5E5F3019A42500EA9C55 /* Build configuration list for PBXNativeTarget "VelaWalletTests" */;
			buildPhases = (
				23ED5E433019A42500EA9C55 /* Sources */,
				23ED5E443019A42500EA9C55 /* Frameworks */,
				23ED5E453019A42500EA9C55 /* Resources */,
			);
			buildRules = (
			);
			dependencies = (
				23ED5E493019A42500EA9C55 /* PBXTargetDependency */,
			);
			fileSystemSynchronizedGroups = (
				23ED5E4A3019A42500EA9C55 /* VelaWalletTests */,
			);
			name = VelaWalletTests;
			packageProductDependencies = (
			);
			productName = VelaWalletTests;
			productReference = 23ED5E473019A42500EA9C55 /* VelaWalletTests.xctest */;
			productType = "com.apple.product-type.bundle.unit-test";
		};
		23ED5E503019A42500EA9C55 /* VelaWalletUITests */ = {
			isa = PBXNativeTarget;
			buildConfigurationList = 23ED5E623019A42500EA9C55 /* Build configuration list for PBXNativeTarget "VelaWalletUITests" */;
			buildPhases = (
				23ED5E4D3019A42500EA9C55 /* Sources */,
				23ED5E4E3019A42500EA9C55 /* Frameworks */,
				23ED5E4F3019A42500EA9C55 /* Resources */,
			);
			buildRules = (
			);
			dependencies = (
				23ED5E533019A42500EA9C55 /* PBXTargetDependency */,
			);
			fileSystemSynchronizedGroups = (
				23ED5E543019A42500EA9C55 /* VelaWalletUITests */,
			);
			name = VelaWalletUITests;
			packageProductDependencies = (
			);
			productName = VelaWalletUITests;
			productReference = 23ED5E513019A42500EA9C55 /* VelaWalletUITests.xctest */;
			productType = "com.apple.product-type.bundle.ui-testing";
		};
/* End PBXNativeTarget section */

/* Begin PBXProject section */
		23ED5E2E3019A42200EA9C55 /* Project object */ = {
			isa = PBXProject;
			attributes = {
				BuildIndependentTargetsInParallel = 1;
				LastSwiftUpdateCheck = 2630;
				LastUpgradeCheck = 2630;
				TargetAttributes = {
					23ED5E353019A42200EA9C55 = {
						CreatedOnToolsVersion = 26.3;
					};
					23ED5E463019A42500EA9C55 = {
						CreatedOnToolsVersion = 26.3;
						TestTargetID = 23ED5E353019A42200EA9C55;
					};
					23ED5E503019A42500EA9C55 = {
						CreatedOnToolsVersion = 26.3;
						TestTargetID = 23ED5E353019A42200EA9C55;
					};
				};
			};
			buildConfigurationList = 23ED5E313019A42200EA9C55 /* Build configuration list for PBXProject "VelaWallet" */;
			developmentRegion = en;
			hasScannedForEncodings = 0;
			knownRegions = (
				en,
				Base,
			);
			mainGroup = 23ED5E2D3019A42200EA9C55;
			minimizedProjectReferenceProxies = 1;
			packageReferences = (
				AAC0DE00000000000000A001 /* XCLocalSwiftPackageReference "../VelaCoreKit" */,
				AAC0DE00000000000000C001 /* XCRemoteSwiftPackageReference "lottie-ios" */,
			);
			preferredProjectObjectVersion = 77;
			productRefGroup = 23ED5E373019A42200EA9C55 /* Products */;
			projectDirPath = "";
			projectRoot = "";
			targets = (
				23ED5E353019A42200EA9C55 /* VelaWallet */,
				23ED5E463019A42500EA9C55 /* VelaWalletTests */,
				23ED5E503019A42500EA9C55 /* VelaWalletUITests */,
			);
		};
/* End PBXProject section */

/* Begin PBXResourcesBuildPhase section */
		23ED5E343019A42200EA9C55 /* Resources */ = {
			isa = PBXResourcesBuildPhase;
			buildActionMask = 2147483647;
			files = (
			);
			runOnlyForDeploymentPostprocessing = 0;
		};
		23ED5E453019A42500EA9C55 /* Resources */ = {
			isa = PBXResourcesBuildPhase;
			buildActionMask = 2147483647;
			files = (
			);
			runOnlyForDeploymentPostprocessing = 0;
		};
		23ED5E4F3019A42500EA9C55 /* Resources */ = {
			isa = PBXResourcesBuildPhase;
			buildActionMask = 2147483647;
			files = (
			);
			runOnlyForDeploymentPostprocessing = 0;
		};
/* End PBXResourcesBuildPhase section */

/* Begin PBXShellScriptBuildPhase section */
		AAC0DE00000000000000B001 /* Bundle locale catalogs */ = {
			isa = PBXShellScriptBuildPhase;
			buildActionMask = 2147483647;
			files = (
			);
			inputFileListPaths = (
				"$(SRCROOT)/../scripts/catalogs-input.xcfilelist",
			);
			inputPaths = (
				"$(SRCROOT)/../../assets/i18n",
			);
			name = "Bundle locale catalogs";
			outputFileListPaths = (
				"$(SRCROOT)/../scripts/catalogs-output.xcfilelist",
			);
			outputPaths = (
			);
			runOnlyForDeploymentPostprocessing = 0;
			shellPath = /bin/bash;
			shellScript = "\"$SRCROOT/../scripts/bundle-catalogs.sh\"\n";
		};
		AAC0DE00000000000000C003 /* Bundle launch animations */ = {
			isa = PBXShellScriptBuildPhase;
			buildActionMask = 2147483647;
			files = (
			);
			inputFileListPaths = (
				"$(SRCROOT)/../scripts/animations-input.xcfilelist",
			);
			inputPaths = (
				"$(SRCROOT)/../../docs/design/onboarding/launch",
			);
			name = "Bundle launch animations";
			outputFileListPaths = (
				"$(SRCROOT)/../scripts/animations-output.xcfilelist",
			);
			outputPaths = (
			);
			runOnlyForDeploymentPostprocessing = 0;
			shellPath = /bin/bash;
			shellScript = "\"$SRCROOT/../scripts/bundle-animations.sh\"\n";
		};
/* End PBXShellScriptBuildPhase section */

/* Begin PBXSourcesBuildPhase section */
		23ED5E323019A42200EA9C55 /* Sources */ = {
			isa = PBXSourcesBuildPhase;
			buildActionMask = 2147483647;
			files = (
			);
			runOnlyForDeploymentPostprocessing = 0;
		};
		23ED5E433019A42500EA9C55 /* Sources */ = {
			isa = PBXSourcesBuildPhase;
			buildActionMask = 2147483647;
			files = (
			);
			runOnlyForDeploymentPostprocessing = 0;
		};
		23ED5E4D3019A42500EA9C55 /* Sources */ = {
			isa = PBXSourcesBuildPhase;
			buildActionMask = 2147483647;
			files = (
			);
			runOnlyForDeploymentPostprocessing = 0;
		};
/* End PBXSourcesBuildPhase section */

/* Begin PBXTargetDependency section */
		23ED5E493019A42500EA9C55 /* PBXTargetDependency */ = {
			isa = PBXTargetDependency;
			target = 23ED5E353019A42200EA9C55 /* VelaWallet */;
			targetProxy = 23ED5E483019A42500EA9C55 /* PBXContainerItemProxy */;
		};
		23ED5E533019A42500EA9C55 /* PBXTargetDependency */ = {
			isa = PBXTargetDependency;
			target = 23ED5E353019A42200EA9C55 /* VelaWallet */;
			targetProxy = 23ED5E523019A42500EA9C55 /* PBXContainerItemProxy */;
		};
/* End PBXTargetDependency section */

/* Begin XCBuildConfiguration section */
		23ED5E5B3019A42500EA9C55 /* Debug */ = {
			isa = XCBuildConfiguration;
			buildSettings = {
				ASSETCATALOG_COMPILER_APPICON_NAME = AppIcon;
				ASSETCATALOG_COMPILER_GLOBAL_ACCENT_COLOR_NAME = AccentColor;
				CODE_SIGN_ENTITLEMENTS = VelaWallet/VelaWallet.entitlements;
				"LIBRARY_SEARCH_PATHS[sdk=iphoneos*]" = "$(SRCROOT)/../VelaDevFixturesKit/Artifacts/VelaDevFixturesFFI.xcframework/ios-arm64";
				"LIBRARY_SEARCH_PATHS[sdk=iphonesimulator*]" = "$(SRCROOT)/../VelaDevFixturesKit/Artifacts/VelaDevFixturesFFI.xcframework/ios-arm64-simulator";
				OTHER_LDFLAGS = (
					"$(inherited)",
					"-lvela_dev_fixtures",
				);
				"SWIFT_INCLUDE_PATHS[sdk=iphoneos*]" = "$(SRCROOT)/../VelaDevFixturesKit/Artifacts/VelaDevFixturesFFI.xcframework/ios-arm64/Headers";
				"SWIFT_INCLUDE_PATHS[sdk=iphonesimulator*]" = "$(SRCROOT)/../VelaDevFixturesKit/Artifacts/VelaDevFixturesFFI.xcframework/ios-arm64-simulator/Headers";
				CODE_SIGN_STYLE = Automatic;
				CURRENT_PROJECT_VERSION = 1;
				DEVELOPMENT_TEAM = F9W689P9NE;
				ENABLE_PREVIEWS = YES;
				"EXCLUDED_ARCHS[sdk=iphonesimulator*]" = x86_64;
				GENERATE_INFOPLIST_FILE = YES;
				INFOPLIST_FILE = VelaWallet/Info.plist;
				INFOPLIST_KEY_CFBundleDisplayName = "Vela Wallet";
				INFOPLIST_KEY_LSApplicationCategoryType = "public.app-category.finance";
				INFOPLIST_KEY_UIApplicationSceneManifest_Generation = YES;
				INFOPLIST_KEY_UIApplicationSupportsIndirectInputEvents = YES;
				INFOPLIST_KEY_UILaunchScreen_Generation = YES;
				INFOPLIST_KEY_UISupportedInterfaceOrientations_iPad = "UIInterfaceOrientationPortrait UIInterfaceOrientationPortraitUpsideDown UIInterfaceOrientationLandscapeLeft UIInterfaceOrientationLandscapeRight";
				INFOPLIST_KEY_UISupportedInterfaceOrientations_iPhone = "UIInterfaceOrientationPortrait UIInterfaceOrientationLandscapeLeft UIInterfaceOrientationLandscapeRight";
				LD_RUNPATH_SEARCH_PATHS = (
					"$(inherited)",
					"@executable_path/Frameworks",
				);
				MARKETING_VERSION = 1.0;
				PRODUCT_BUNDLE_IDENTIFIER = app.getvela.VelaWallet;
				PRODUCT_NAME = "$(TARGET_NAME)";
				STRING_CATALOG_GENERATE_SYMBOLS = YES;
				SWIFT_APPROACHABLE_CONCURRENCY = YES;
				SWIFT_DEFAULT_ACTOR_ISOLATION = MainActor;
				SWIFT_EMIT_LOC_STRINGS = YES;
				SWIFT_UPCOMING_FEATURE_MEMBER_IMPORT_VISIBILITY = YES;
				SWIFT_VERSION = 5.0;
				TARGETED_DEVICE_FAMILY = 1;
			};
			name = Debug;
		};
		23ED5E5C3019A42500EA9C55 /* Release */ = {
			isa = XCBuildConfiguration;
			buildSettings = {
				ASSETCATALOG_COMPILER_APPICON_NAME = AppIcon;
				ASSETCATALOG_COMPILER_GLOBAL_ACCENT_COLOR_NAME = AccentColor;
				CODE_SIGN_ENTITLEMENTS = VelaWallet/VelaWallet.entitlements;
				EXCLUDED_SOURCE_FILE_NAMES = "vela_dev_fixtures.swift ParallelSpaceBinding.swift";
				CODE_SIGN_STYLE = Automatic;
				CURRENT_PROJECT_VERSION = 1;
				DEVELOPMENT_TEAM = F9W689P9NE;
				ENABLE_PREVIEWS = YES;
				"EXCLUDED_ARCHS[sdk=iphonesimulator*]" = x86_64;
				GENERATE_INFOPLIST_FILE = YES;
				INFOPLIST_FILE = VelaWallet/Info.plist;
				INFOPLIST_KEY_CFBundleDisplayName = "Vela Wallet";
				INFOPLIST_KEY_LSApplicationCategoryType = "public.app-category.finance";
				INFOPLIST_KEY_UIApplicationSceneManifest_Generation = YES;
				INFOPLIST_KEY_UIApplicationSupportsIndirectInputEvents = YES;
				INFOPLIST_KEY_UILaunchScreen_Generation = YES;
				INFOPLIST_KEY_UISupportedInterfaceOrientations_iPad = "UIInterfaceOrientationPortrait UIInterfaceOrientationPortraitUpsideDown UIInterfaceOrientationLandscapeLeft UIInterfaceOrientationLandscapeRight";
				INFOPLIST_KEY_UISupportedInterfaceOrientations_iPhone = "UIInterfaceOrientationPortrait UIInterfaceOrientationLandscapeLeft UIInterfaceOrientationLandscapeRight";
				LD_RUNPATH_SEARCH_PATHS = (
					"$(inherited)",
					"@executable_path/Frameworks",
				);
				MARKETING_VERSION = 1.0;
				PRODUCT_BUNDLE_IDENTIFIER = app.getvela.VelaWallet;
				PRODUCT_NAME = "$(TARGET_NAME)";
				STRING_CATALOG_GENERATE_SYMBOLS = YES;
				SWIFT_APPROACHABLE_CONCURRENCY = YES;
				SWIFT_DEFAULT_ACTOR_ISOLATION = MainActor;
				SWIFT_EMIT_LOC_STRINGS = YES;
				SWIFT_UPCOMING_FEATURE_MEMBER_IMPORT_VISIBILITY = YES;
				SWIFT_VERSION = 5.0;
				TARGETED_DEVICE_FAMILY = 1;
			};
			name = Release;
		};
		23ED5E5D3019A42500EA9C55 /* Debug */ = {
			isa = XCBuildConfiguration;
			buildSettings = {
				ALWAYS_SEARCH_USER_PATHS = NO;
				ASSETCATALOG_COMPILER_GENERATE_SWIFT_ASSET_SYMBOL_EXTENSIONS = YES;
				CLANG_ANALYZER_NONNULL = YES;
				CLANG_ANALYZER_NUMBER_OBJECT_CONVERSION = YES_AGGRESSIVE;
				CLANG_CXX_LANGUAGE_STANDARD = "gnu++20";
				CLANG_ENABLE_MODULES = YES;
				CLANG_ENABLE_OBJC_ARC = YES;
				CLANG_ENABLE_OBJC_WEAK = YES;
				CLANG_WARN_BLOCK_CAPTURE_AUTORELEASING = YES;
				CLANG_WARN_BOOL_CONVERSION = YES;
				CLANG_WARN_COMMA = YES;
				CLANG_WARN_CONSTANT_CONVERSION = YES;
				CLANG_WARN_DEPRECATED_OBJC_IMPLEMENTATIONS = YES;
				CLANG_WARN_DIRECT_OBJC_ISA_USAGE = YES_ERROR;
				CLANG_WARN_DOCUMENTATION_COMMENTS = YES;
				CLANG_WARN_EMPTY_BODY = YES;
				CLANG_WARN_ENUM_CONVERSION = YES;
				CLANG_WARN_INFINITE_RECURSION = YES;
				CLANG_WARN_INT_CONVERSION = YES;
				CLANG_WARN_NON_LITERAL_NULL_CONVERSION = YES;
				CLANG_WARN_OBJC_IMPLICIT_RETAIN_SELF = YES;
				CLANG_WARN_OBJC_LITERAL_CONVERSION = YES;
				CLANG_WARN_OBJC_ROOT_CLASS = YES_ERROR;
				CLANG_WARN_QUOTED_INCLUDE_IN_FRAMEWORK_HEADER = YES;
				CLANG_WARN_RANGE_LOOP_ANALYSIS = YES;
				CLANG_WARN_STRICT_PROTOTYPES = YES;
				CLANG_WARN_SUSPICIOUS_MOVE = YES;
				CLANG_WARN_UNGUARDED_AVAILABILITY = YES_AGGRESSIVE;
				CLANG_WARN_UNREACHABLE_CODE = YES;
				CLANG_WARN__DUPLICATE_METHOD_MATCH = YES;
				COPY_PHASE_STRIP = NO;
				DEBUG_INFORMATION_FORMAT = dwarf;
				DEVELOPMENT_TEAM = F9W689P9NE;
				ENABLE_STRICT_OBJC_MSGSEND = YES;
				ENABLE_TESTABILITY = YES;
				ENABLE_USER_SCRIPT_SANDBOXING = YES;
				GCC_C_LANGUAGE_STANDARD = gnu17;
				GCC_DYNAMIC_NO_PIC = NO;
				GCC_NO_COMMON_BLOCKS = YES;
				GCC_OPTIMIZATION_LEVEL = 0;
				GCC_PREPROCESSOR_DEFINITIONS = (
					"DEBUG=1",
					"$(inherited)",
				);
				GCC_WARN_64_TO_32_BIT_CONVERSION = YES;
				GCC_WARN_ABOUT_RETURN_TYPE = YES_ERROR;
				GCC_WARN_UNDECLARED_SELECTOR = YES;
				GCC_WARN_UNINITIALIZED_AUTOS = YES_AGGRESSIVE;
				GCC_WARN_UNUSED_FUNCTION = YES;
				GCC_WARN_UNUSED_VARIABLE = YES;
				IPHONEOS_DEPLOYMENT_TARGET = 17.4;
				LOCALIZATION_PREFERS_STRING_CATALOGS = YES;
				MTL_ENABLE_DEBUG_INFO = INCLUDE_SOURCE;
				MTL_FAST_MATH = YES;
				ONLY_ACTIVE_ARCH = YES;
				SDKROOT = iphoneos;
				SWIFT_ACTIVE_COMPILATION_CONDITIONS = "DEBUG $(inherited)";
				SWIFT_OPTIMIZATION_LEVEL = "-Onone";
			};
			name = Debug;
		};
		23ED5E5E3019A42500EA9C55 /* Release */ = {
			isa = XCBuildConfiguration;
			buildSettings = {
				ALWAYS_SEARCH_USER_PATHS = NO;
				ASSETCATALOG_COMPILER_GENERATE_SWIFT_ASSET_SYMBOL_EXTENSIONS = YES;
				CLANG_ANALYZER_NONNULL = YES;
				CLANG_ANALYZER_NUMBER_OBJECT_CONVERSION = YES_AGGRESSIVE;
				CLANG_CXX_LANGUAGE_STANDARD = "gnu++20";
				CLANG_ENABLE_MODULES = YES;
				CLANG_ENABLE_OBJC_ARC = YES;
				CLANG_ENABLE_OBJC_WEAK = YES;
				CLANG_WARN_BLOCK_CAPTURE_AUTORELEASING = YES;
				CLANG_WARN_BOOL_CONVERSION = YES;
				CLANG_WARN_COMMA = YES;
				CLANG_WARN_CONSTANT_CONVERSION = YES;
				CLANG_WARN_DEPRECATED_OBJC_IMPLEMENTATIONS = YES;
				CLANG_WARN_DIRECT_OBJC_ISA_USAGE = YES_ERROR;
				CLANG_WARN_DOCUMENTATION_COMMENTS = YES;
				CLANG_WARN_EMPTY_BODY = YES;
				CLANG_WARN_ENUM_CONVERSION = YES;
				CLANG_WARN_INFINITE_RECURSION = YES;
				CLANG_WARN_INT_CONVERSION = YES;
				CLANG_WARN_NON_LITERAL_NULL_CONVERSION = YES;
				CLANG_WARN_OBJC_IMPLICIT_RETAIN_SELF = YES;
				CLANG_WARN_OBJC_LITERAL_CONVERSION = YES;
				CLANG_WARN_OBJC_ROOT_CLASS = YES_ERROR;
				CLANG_WARN_QUOTED_INCLUDE_IN_FRAMEWORK_HEADER = YES;
				CLANG_WARN_RANGE_LOOP_ANALYSIS = YES;
				CLANG_WARN_STRICT_PROTOTYPES = YES;
				CLANG_WARN_SUSPICIOUS_MOVE = YES;
				CLANG_WARN_UNGUARDED_AVAILABILITY = YES_AGGRESSIVE;
				CLANG_WARN_UNREACHABLE_CODE = YES;
				CLANG_WARN__DUPLICATE_METHOD_MATCH = YES;
				COPY_PHASE_STRIP = NO;
				DEBUG_INFORMATION_FORMAT = "dwarf-with-dsym";
				DEVELOPMENT_TEAM = F9W689P9NE;
				ENABLE_NS_ASSERTIONS = NO;
				ENABLE_STRICT_OBJC_MSGSEND = YES;
				ENABLE_USER_SCRIPT_SANDBOXING = YES;
				GCC_C_LANGUAGE_STANDARD = gnu17;
				GCC_NO_COMMON_BLOCKS = YES;
				GCC_WARN_64_TO_32_BIT_CONVERSION = YES;
				GCC_WARN_ABOUT_RETURN_TYPE = YES_ERROR;
				GCC_WARN_UNDECLARED_SELECTOR = YES;
				GCC_WARN_UNINITIALIZED_AUTOS = YES_AGGRESSIVE;
				GCC_WARN_UNUSED_FUNCTION = YES;
				GCC_WARN_UNUSED_VARIABLE = YES;
				IPHONEOS_DEPLOYMENT_TARGET = 17.4;
				LOCALIZATION_PREFERS_STRING_CATALOGS = YES;
				MTL_ENABLE_DEBUG_INFO = NO;
				MTL_FAST_MATH = YES;
				SDKROOT = iphoneos;
				SWIFT_COMPILATION_MODE = wholemodule;
				VALIDATE_PRODUCT = YES;
			};
			name = Release;
		};
		23ED5E603019A42500EA9C55 /* Debug */ = {
			isa = XCBuildConfiguration;
			buildSettings = {
				"SWIFT_INCLUDE_PATHS[sdk=iphoneos*]" = "$(SRCROOT)/../VelaDevFixturesKit/Artifacts/VelaDevFixturesFFI.xcframework/ios-arm64/Headers";
				"SWIFT_INCLUDE_PATHS[sdk=iphonesimulator*]" = "$(SRCROOT)/../VelaDevFixturesKit/Artifacts/VelaDevFixturesFFI.xcframework/ios-arm64-simulator/Headers";
				BUNDLE_LOADER = "$(TEST_HOST)";
				CODE_SIGN_STYLE = Automatic;
				CURRENT_PROJECT_VERSION = 1;
				DEVELOPMENT_TEAM = F9W689P9NE;
				GENERATE_INFOPLIST_FILE = YES;
				IPHONEOS_DEPLOYMENT_TARGET = 17.4;
				MARKETING_VERSION = 1.0;
				PRODUCT_BUNDLE_IDENTIFIER = app.getvela.VelaWalletTests;
				PRODUCT_NAME = "$(TARGET_NAME)";
				STRING_CATALOG_GENERATE_SYMBOLS = NO;
				SWIFT_APPROACHABLE_CONCURRENCY = YES;
				SWIFT_EMIT_LOC_STRINGS = NO;
				SWIFT_UPCOMING_FEATURE_MEMBER_IMPORT_VISIBILITY = YES;
				SWIFT_VERSION = 5.0;
				TARGETED_DEVICE_FAMILY = 1;
				TEST_HOST = "$(BUILT_PRODUCTS_DIR)/VelaWallet.app/$(BUNDLE_EXECUTABLE_FOLDER_PATH)/VelaWallet";
			};
			name = Debug;
		};
		23ED5E613019A42500EA9C55 /* Release */ = {
			isa = XCBuildConfiguration;
			buildSettings = {
				BUNDLE_LOADER = "$(TEST_HOST)";
				CODE_SIGN_STYLE = Automatic;
				CURRENT_PROJECT_VERSION = 1;
				DEVELOPMENT_TEAM = F9W689P9NE;
				GENERATE_INFOPLIST_FILE = YES;
				IPHONEOS_DEPLOYMENT_TARGET = 17.4;
				MARKETING_VERSION = 1.0;
				PRODUCT_BUNDLE_IDENTIFIER = app.getvela.VelaWalletTests;
				PRODUCT_NAME = "$(TARGET_NAME)";
				STRING_CATALOG_GENERATE_SYMBOLS = NO;
				SWIFT_APPROACHABLE_CONCURRENCY = YES;
				SWIFT_EMIT_LOC_STRINGS = NO;
				SWIFT_UPCOMING_FEATURE_MEMBER_IMPORT_VISIBILITY = YES;
				SWIFT_VERSION = 5.0;
				TARGETED_DEVICE_FAMILY = 1;
				TEST_HOST = "$(BUILT_PRODUCTS_DIR)/VelaWallet.app/$(BUNDLE_EXECUTABLE_FOLDER_PATH)/VelaWallet";
			};
			name = Release;
		};
		23ED5E633019A42500EA9C55 /* Debug */ = {
			isa = XCBuildConfiguration;
			buildSettings = {
				"SWIFT_INCLUDE_PATHS[sdk=iphoneos*]" = "$(SRCROOT)/../VelaDevFixturesKit/Artifacts/VelaDevFixturesFFI.xcframework/ios-arm64/Headers";
				"SWIFT_INCLUDE_PATHS[sdk=iphonesimulator*]" = "$(SRCROOT)/../VelaDevFixturesKit/Artifacts/VelaDevFixturesFFI.xcframework/ios-arm64-simulator/Headers";
				CODE_SIGN_STYLE = Automatic;
				CURRENT_PROJECT_VERSION = 1;
				DEVELOPMENT_TEAM = F9W689P9NE;
				GENERATE_INFOPLIST_FILE = YES;
				MARKETING_VERSION = 1.0;
				PRODUCT_BUNDLE_IDENTIFIER = app.getvela.VelaWalletUITests;
				PRODUCT_NAME = "$(TARGET_NAME)";
				STRING_CATALOG_GENERATE_SYMBOLS = NO;
				SWIFT_APPROACHABLE_CONCURRENCY = YES;
				SWIFT_EMIT_LOC_STRINGS = NO;
				SWIFT_UPCOMING_FEATURE_MEMBER_IMPORT_VISIBILITY = YES;
				SWIFT_VERSION = 5.0;
				TARGETED_DEVICE_FAMILY = 1;
				TEST_TARGET_NAME = VelaWallet;
			};
			name = Debug;
		};
		23ED5E643019A42500EA9C55 /* Release */ = {
			isa = XCBuildConfiguration;
			buildSettings = {
				CODE_SIGN_STYLE = Automatic;
				CURRENT_PROJECT_VERSION = 1;
				DEVELOPMENT_TEAM = F9W689P9NE;
				GENERATE_INFOPLIST_FILE = YES;
				MARKETING_VERSION = 1.0;
				PRODUCT_BUNDLE_IDENTIFIER = app.getvela.VelaWalletUITests;
				PRODUCT_NAME = "$(TARGET_NAME)";
				STRING_CATALOG_GENERATE_SYMBOLS = NO;
				SWIFT_APPROACHABLE_CONCURRENCY = YES;
				SWIFT_EMIT_LOC_STRINGS = NO;
				SWIFT_UPCOMING_FEATURE_MEMBER_IMPORT_VISIBILITY = YES;
				SWIFT_VERSION = 5.0;
				TARGETED_DEVICE_FAMILY = 1;
				TEST_TARGET_NAME = VelaWallet;
			};
			name = Release;
		};
/* End XCBuildConfiguration section */

/* Begin XCConfigurationList section */
		23ED5E313019A42200EA9C55 /* Build configuration list for PBXProject "VelaWallet" */ = {
			isa = XCConfigurationList;
			buildConfigurations = (
				23ED5E5D3019A42500EA9C55 /* Debug */,
				23ED5E5E3019A42500EA9C55 /* Release */,
			);
			defaultConfigurationIsVisible = 0;
			defaultConfigurationName = Release;
		};
		23ED5E5A3019A42500EA9C55 /* Build configuration list for PBXNativeTarget "VelaWallet" */ = {
			isa = XCConfigurationList;
			buildConfigurations = (
				23ED5E5B3019A42500EA9C55 /* Debug */,
				23ED5E5C3019A42500EA9C55 /* Release */,
			);
			defaultConfigurationIsVisible = 0;
			defaultConfigurationName = Release;
		};
		23ED5E5F3019A42500EA9C55 /* Build configuration list for PBXNativeTarget "VelaWalletTests" */ = {
			isa = XCConfigurationList;
			buildConfigurations = (
				23ED5E603019A42500EA9C55 /* Debug */,
				23ED5E613019A42500EA9C55 /* Release */,
			);
			defaultConfigurationIsVisible = 0;
			defaultConfigurationName = Release;
		};
		23ED5E623019A42500EA9C55 /* Build configuration list for PBXNativeTarget "VelaWalletUITests" */ = {
			isa = XCConfigurationList;
			buildConfigurations = (
				23ED5E633019A42500EA9C55 /* Debug */,
				23ED5E643019A42500EA9C55 /* Release */,
			);
			defaultConfigurationIsVisible = 0;
			defaultConfigurationName = Release;
		};
/* End XCConfigurationList section */

/* Begin XCLocalSwiftPackageReference section */
		AAC0DE00000000000000A001 /* XCLocalSwiftPackageReference "../VelaCoreKit" */ = {
			isa = XCLocalSwiftPackageReference;
			relativePath = ../VelaCoreKit;
		};
/* End XCLocalSwiftPackageReference section */

/* Begin XCRemoteSwiftPackageReference section */
		AAC0DE00000000000000C001 /* XCRemoteSwiftPackageReference "lottie-ios" */ = {
			isa = XCRemoteSwiftPackageReference;
			repositoryURL = "https://github.com/airbnb/lottie-ios";
			requirement = {
				kind = exactVersion;
				version = 4.6.1;
			};
		};
/* End XCRemoteSwiftPackageReference section */

/* Begin XCSwiftPackageProductDependency section */
		AAC0DE00000000000000A002 /* VelaCore */ = {
			isa = XCSwiftPackageProductDependency;
			productName = VelaCore;
		};
		AAC0DE00000000000000C002 /* Lottie */ = {
			isa = XCSwiftPackageProductDependency;
			package = AAC0DE00000000000000C001 /* XCRemoteSwiftPackageReference "lottie-ios" */;
			productName = Lottie;
		};
/* End XCSwiftPackageProductDependency section */
	};
	rootObject = 23ED5E2E3019A42200EA9C55 /* Project object */;
}
